
Microsoft Visual Studio Solution File, Format Version 12.00
# Visual Studio Version 16
VisualStudioVersion = 16.0.29709.97
MinimumVisualStudioVersion = 10.0.40219.1
Project("{FAE04EC0-301F-11D3-BF4B-00C04F79EFBC}") = "SauceDemo-Specflow", "SauceDemo-Specflow.csproj", "{1BF15257-B061-478C-9642-23E4B8799729}"
EndProject
Global
	GlobalSection(SolutionConfigurationPlatforms) = preSolution
		Debug|Any CPU = Debug|Any CPU
		Release|Any CPU = Release|Any CPU
	EndGlobalSection
	GlobalSection(ProjectConfigurationPlatforms) = postSolution
		{1BF15257-B061-478C-9642-23E4B8799729}.Debug|Any CPU.ActiveCfg = Debug|Any CPU
		{1BF15257-B061-478C-9642-23E4B8799729}.Debug|Any CPU.Build.0 = Debug|Any CPU
		{1BF15257-B061-478C-9642-23E4B8799729}.Release|Any CPU.ActiveCfg = Release|Any CPU
		{1BF15257-B061-478C-9642-23E4B8799729}.Release|Any CPU.Build.0 = Release|Any CPU
	EndGlobalSection
	GlobalSection(SolutionProperties) = preSolution
		HideSolutionNode = FALSE
	EndGlobalSection
	GlobalSection(ExtensibilityGlobals) = postSolution
		SolutionGuid = {72ADABAD-D8A1-469C-AFEF-315B1034B95C}
	EndGlobalSection
EndGlobal
